
Microsoft Visual Studio Solution File, Format Version 12.00
# Visual Studio Version 17
VisualStudioVersion = 17.6.33829.357
MinimumVisualStudioVersion = 10.0.40219.1
Project("{8BC9CEB8-8B4A-11D0-8D11-00A0C91BC942}") = "Assignment1", "Graphics\Graphics.vcxproj", "{9F0BBF50-D507-45DD-978C-FE71AA630824}"
EndProject
Project("{2150E333-8FDC-42A3-9474-1A3956D46DE8}") = "Assignment", "Assignment", "{0E685766-62E3-407A-8CA9-C3CA30C702EC}"
EndProject
Project("{8BC9CEB8-8B4A-11D0-8D11-00A0C91BC942}") = "Assignment2", "Assignment2\Assignment2.vcxproj", "{F5330638-073B-4CE5-A364-0D807C6D2A76}"
EndProject
Project("{8BC9CEB8-8B4A-11D0-8D11-00A0C91BC942}") = "Assignment3", "Assignment3\Assignment3.vcxproj", "{C2CFF767-8FE5-4207-8F6A-296FA2497880}"
EndProject
Project("{8BC9CEB8-8B4A-11D0-8D11-00A0C91BC942}") = "Assigment4", "Assigment4\Assigment4.vcxproj", "{0C64BEF0-79AF-43A6-BFE8-58D091819D3A}"
EndProject
Project("{8BC9CEB8-8B4A-11D0-8D11-00A0C91BC942}") = "Assignment5", "Assignment5\Assignment5.vcxproj", "{3F4B96E7-60BD-48CE-9F84-E4D00D5C82CB}"
EndProject
Project("{8BC9CEB8-8B4A-11D0-8D11-00A0C91BC942}") = "Assignment6", "Assignment6\Assignment6.vcxproj", "{57F24D2D-0246-4F7A-B029-6435FEB342EE}"
EndProject
Project("{8BC9CEB8-8B4A-11D0-8D11-00A0C91BC942}") = "Assigment7", "Assigment7\Assigment7.vcxproj", "{60025AC7-CB8C-49BA-8169-A8C3E68A2B1D}"
EndProject
Global
	GlobalSection(SolutionConfigurationPlatforms) = preSolution
		Debug|x64 = Debug|x64
		Debug|x86 = Debug|x86
		Release|x64 = Release|x64
		Release|x86 = Release|x86
	EndGlobalSection
	GlobalSection(ProjectConfigurationPlatforms) = postSolution
		{9F0BBF50-D507-45DD-978C-FE71AA630824}.Debug|x64.ActiveCfg = Debug|x64
		{9F0BBF50-D507-45DD-978C-FE71AA630824}.Debug|x64.Build.0 = Debug|x64
		{9F0BBF50-D507-45DD-978C-FE71AA630824}.Debug|x86.ActiveCfg = Debug|Win32
		{9F0BBF50-D507-45DD-978C-FE71AA630824}.Debug|x86.Build.0 = Debug|Win32
		{9F0BBF50-D507-45DD-978C-FE71AA630824}.Release|x64.ActiveCfg = Release|x64
		{9F0BBF50-D507-45DD-978C-FE71AA630824}.Release|x64.Build.0 = Release|x64
		{9F0BBF50-D507-45DD-978C-FE71AA630824}.Release|x86.ActiveCfg = Release|Win32
		{9F0BBF50-D507-45DD-978C-FE71AA630824}.Release|x86.Build.0 = Release|Win32
		{F5330638-073B-4CE5-A364-0D807C6D2A76}.Debug|x64.ActiveCfg = Debug|x64
		{F5330638-073B-4CE5-A364-0D807C6D2A76}.Debug|x64.Build.0 = Debug|x64
		{F5330638-073B-4CE5-A364-0D807C6D2A76}.Debug|x86.ActiveCfg = Debug|Win32
		{F5330638-073B-4CE5-A364-0D807C6D2A76}.Debug|x86.Build.0 = Debug|Win32
		{F5330638-073B-4CE5-A364-0D807C6D2A76}.Release|x64.ActiveCfg = Release|x64
		{F5330638-073B-4CE5-A364-0D807C6D2A76}.Release|x64.Build.0 = Release|x64
		{F5330638-073B-4CE5-A364-0D807C6D2A76}.Release|x86.ActiveCfg = Release|Win32
		{F5330638-073B-4CE5-A364-0D807C6D2A76}.Release|x86.Build.0 = Release|Win32
		{C2CFF767-8FE5-4207-8F6A-296FA2497880}.Debug|x64.ActiveCfg = Debug|x64
		{C2CFF767-8FE5-4207-8F6A-296FA2497880}.Debug|x64.Build.0 = Debug|x64
		{C2CFF767-8FE5-4207-8F6A-296FA2497880}.Debug|x86.ActiveCfg = Debug|Win32
		{C2CFF767-8FE5-4207-8F6A-296FA2497880}.Debug|x86.Build.0 = Debug|Win32
		{C2CFF767-8FE5-4207-8F6A-296FA2497880}.Release|x64.ActiveCfg = Release|x64
		{C2CFF767-8FE5-4207-8F6A-296FA2497880}.Release|x64.Build.0 = Release|x64
		{C2CFF767-8FE5-4207-8F6A-296FA2497880}.Release|x86.ActiveCfg = Release|Win32
		{C2CFF767-8FE5-4207-8F6A-296FA2497880}.Release|x86.Build.0 = Release|Win32
		{0C64BEF0-79AF-43A6-BFE8-58D091819D3A}.Debug|x64.ActiveCfg = Debug|x64
		{0C64BEF0-79AF-43A6-BFE8-58D091819D3A}.Debug|x64.Build.0 = Debug|x64
		{0C64BEF0-79AF-43A6-BFE8-58D091819D3A}.Debug|x86.ActiveCfg = Debug|Win32
		{0C64BEF0-79AF-43A6-BFE8-58D091819D3A}.Debug|x86.Build.0 = Debug|Win32
		{0C64BEF0-79AF-43A6-BFE8-58D091819D3A}.Release|x64.ActiveCfg = Release|x64
		{0C64BEF0-79AF-43A6-BFE8-58D091819D3A}.Release|x64.Build.0 = Release|x64
		{0C64BEF0-79AF-43A6-BFE8-58D091819D3A}.Release|x86.ActiveCfg = Release|Win32
		{0C64BEF0-79AF-43A6-BFE8-58D091819D3A}.Release|x86.Build.0 = Release|Win32
		{3F4B96E7-60BD-48CE-9F84-E4D00D5C82CB}.Debug|x64.ActiveCfg = Debug|x64
		{3F4B96E7-60BD-48CE-9F84-E4D00D5C82CB}.Debug|x64.Build.0 = Debug|x64
		{3F4B96E7-60BD-48CE-9F84-E4D00D5C82CB}.Debug|x86.ActiveCfg = Debug|Win32
		{3F4B96E7-60BD-48CE-9F84-E4D00D5C82CB}.Debug|x86.Build.0 = Debug|Win32
		{3F4B96E7-60BD-48CE-9F84-E4D00D5C82CB}.Release|x64.ActiveCfg = Release|x64
		{3F4B96E7-60BD-48CE-9F84-E4D00D5C82CB}.Release|x64.Build.0 = Release|x64
		{3F4B96E7-60BD-48CE-9F84-E4D00D5C82CB}.Release|x86.ActiveCfg = Release|Win32
		{3F4B96E7-60BD-48CE-9F84-E4D00D5C82CB}.Release|x86.Build.0 = Release|Win32
		{57F24D2D-0246-4F7A-B029-6435FEB342EE}.Debug|x64.ActiveCfg = Debug|x64
		{57F24D2D-0246-4F7A-B029-6435FEB342EE}.Debug|x64.Build.0 = Debug|x64
		{57F24D2D-0246-4F7A-B029-6435FEB342EE}.Debug|x86.ActiveCfg = Debug|Win32
		{57F24D2D-0246-4F7A-B029-6435FEB342EE}.Debug|x86.Build.0 = Debug|Win32
		{57F24D2D-0246-4F7A-B029-6435FEB342EE}.Release|x64.ActiveCfg = Release|x64
		{57F24D2D-0246-4F7A-B029-6435FEB342EE}.Release|x64.Build.0 = Release|x64
		{57F24D2D-0246-4F7A-B029-6435FEB342EE}.Release|x86.ActiveCfg = Release|Win32
		{57F24D2D-0246-4F7A-B029-6435FEB342EE}.Release|x86.Build.0 = Release|Win32
		{60025AC7-CB8C-49BA-8169-A8C3E68A2B1D}.Debug|x64.ActiveCfg = Debug|x64
		{60025AC7-CB8C-49BA-8169-A8C3E68A2B1D}.Debug|x64.Build.0 = Debug|x64
		{60025AC7-CB8C-49BA-8169-A8C3E68A2B1D}.Debug|x86.ActiveCfg = Debug|Win32
		{60025AC7-CB8C-49BA-8169-A8C3E68A2B1D}.Debug|x86.Build.0 = Debug|Win32
		{60025AC7-CB8C-49BA-8169-A8C3E68A2B1D}.Release|x64.ActiveCfg = Release|x64
		{60025AC7-CB8C-49BA-8169-A8C3E68A2B1D}.Release|x64.Build.0 = Release|x64
		{60025AC7-CB8C-49BA-8169-A8C3E68A2B1D}.Release|x86.ActiveCfg = Release|Win32
		{60025AC7-CB8C-49BA-8169-A8C3E68A2B1D}.Release|x86.Build.0 = Release|Win32
	EndGlobalSection
	GlobalSection(SolutionProperties) = preSolution
		HideSolutionNode = FALSE
	EndGlobalSection
	GlobalSection(NestedProjects) = preSolution
		{9F0BBF50-D507-45DD-978C-FE71AA630824} = {0E685766-62E3-407A-8CA9-C3CA30C702EC}
		{F5330638-073B-4CE5-A364-0D807C6D2A76} = {0E685766-62E3-407A-8CA9-C3CA30C702EC}
		{C2CFF767-8FE5-4207-8F6A-296FA2497880} = {0E685766-62E3-407A-8CA9-C3CA30C702EC}
		{0C64BEF0-79AF-43A6-BFE8-58D091819D3A} = {0E685766-62E3-407A-8CA9-C3CA30C702EC}
		{3F4B96E7-60BD-48CE-9F84-E4D00D5C82CB} = {0E685766-62E3-407A-8CA9-C3CA30C702EC}
		{57F24D2D-0246-4F7A-B029-6435FEB342EE} = {0E685766-62E3-407A-8CA9-C3CA30C702EC}
		{60025AC7-CB8C-49BA-8169-A8C3E68A2B1D} = {0E685766-62E3-407A-8CA9-C3CA30C702EC}
	EndGlobalSection
	GlobalSection(ExtensibilityGlobals) = postSolution
		SolutionGuid = {7C1E9255-83B6-443B-8BCF-36213665BABF}
	EndGlobalSection
EndGlobal
